PODS:
  - Capacitor (5.0.3):
    - CapacitorCordova
  - CapacitorApp (5.0.2):
    - Capacitor
  - CapacitorCommunityBarcodeScanner (3.0.3):
    - Capacitor
  - CapacitorCordova (5.0.3)
  - CapacitorDevice (5.0.2):
    - Capacitor
  - CapacitorGeolocation (5.0.2):
    - Capacitor
  - CapacitorPluginSafeArea (1.0.1):
    - Capacitor
  - CapacitorShare (5.0.2):
    - Capacitor
  - CapacitorSplashScreen (5.0.2):
    - Capacitor
  - CapacitorStatusBar (5.0.2):
    - Capacitor

DEPENDENCIES:
  - "Capacitor (from `../../node_modules/@capacitor/ios`)"
  - "CapacitorApp (from `../../node_modules/@capacitor/app`)"
  - "CapacitorCommunityBarcodeScanner (from `../../node_modules/@capacitor-community/barcode-scanner`)"
  - "CapacitorCordova (from `../../node_modules/@capacitor/ios`)"
  - "CapacitorDevice (from `../../node_modules/@capacitor/device`)"
  - "CapacitorGeolocation (from `../../node_modules/@capacitor/geolocation`)"
  - CapacitorPluginSafeArea (from `../../node_modules/capacitor-plugin-safe-area`)
  - "CapacitorShare (from `../../node_modules/@capacitor/share`)"
  - "CapacitorSplashScreen (from `../../node_modules/@capacitor/splash-screen`)"
  - "CapacitorStatusBar (from `../../node_modules/@capacitor/status-bar`)"

EXTERNAL SOURCES:
  Capacitor:
    :path: "../../node_modules/@capacitor/ios"
  CapacitorApp:
    :path: "../../node_modules/@capacitor/app"
  CapacitorCommunityBarcodeScanner:
    :path: "../../node_modules/@capacitor-community/barcode-scanner"
  CapacitorCordova:
    :path: "../../node_modules/@capacitor/ios"
  CapacitorDevice:
    :path: "../../node_modules/@capacitor/device"
  CapacitorGeolocation:
    :path: "../../node_modules/@capacitor/geolocation"
  CapacitorPluginSafeArea:
    :path: "../../node_modules/capacitor-plugin-safe-area"
  CapacitorShare:
    :path: "../../node_modules/@capacitor/share"
  CapacitorSplashScreen:
    :path: "../../node_modules/@capacitor/splash-screen"
  CapacitorStatusBar:
    :path: "../../node_modules/@capacitor/status-bar"

SPEC CHECKSUMS:
  Capacitor: 304a960e431f9e6f78556554ca71c41c1b2b9680
  CapacitorApp: 28fef1fd75b2b3686e875216806fb8416d421097
  CapacitorCommunityBarcodeScanner: c61469507bb16f41ef2d3f6d92069974aeb7890d
  CapacitorCordova: def732a63679698df6fb392bbe6d269a0b61e937
  CapacitorDevice: 980e172f6fbfa0a945c73f908adc74b5a031e7d4
  CapacitorGeolocation: 8532cd1585dbf0b5b721fa65ea51a36bf9a71e92
  CapacitorPluginSafeArea: 4ba777224157405686e420ff815a32ee58b0b58c
  CapacitorShare: 931224a0e17615e799d35b26286ab1d05f37d8fb
  CapacitorSplashScreen: bd2a056394ba0b8807e7bb3e746424f67c426e03
  CapacitorStatusBar: 48f2899f6846cc7d8431b251ebfc58e1c10e3d58

PODFILE CHECKSUM: e496356ba30f88b2349598b53ff9e79790fbdc71

COCOAPODS: 1.12.1
